
Microsoft Visual Studio Solution File, Format Version 12.00
# Visual Studio Version 17
VisualStudioVersion = 17.8.34330.188
MinimumVisualStudioVersion = 10.0.40219.1
Project("{FAE04EC0-301F-11D3-BF4B-00C04F79EFBC}") = "CICD", "CICD\CICD.csproj", "{5B81F4C5-BE59-44F8-A946-0234C463AEAE}"
EndProject
Global
	GlobalSection(SolutionConfigurationPlatforms) = preSolution
		Debug|Any CPU = Debug|Any CPU
		Release|Any CPU = Release|Any CPU
	EndGlobalSection
	GlobalSection(ProjectConfigurationPlatforms) = postSolution
		{5B81F4C5-BE59-44F8-A946-0234C463AEAE}.Debug|Any CPU.ActiveCfg = Debug|Any CPU
		{5B81F4C5-BE59-44F8-A946-0234C463AEAE}.Debug|Any CPU.Build.0 = Debug|Any CPU
		{5B81F4C5-BE59-44F8-A946-0234C463AEAE}.Release|Any CPU.ActiveCfg = Release|Any CPU
		{5B81F4C5-BE59-44F8-A946-0234C463AEAE}.Release|Any CPU.Build.0 = Release|Any CPU
	EndGlobalSection
	GlobalSection(SolutionProperties) = preSolution
		HideSolutionNode = FALSE
	EndGlobalSection
	GlobalSection(ExtensibilityGlobals) = postSolution
		SolutionGuid = {44405B16-50A2-458E-B7CA-8B68128FDBE9}
	EndGlobalSection
EndGlobal
